<Solution>
  <Folder Name="/src/" />
  <Folder Name="/src/backend/">
    <Project Path="src/backend/JkMonitor.Backend/JkMonitor.Backend.csproj" />
  </Folder>
  <Folder Name="/src/shared/">
    <Project Path="src/shared/JkMonitor.Contracts/JkMonitor.Contracts.csproj" />
  </Folder>
  <Folder Name="/tests/">
    <Project Path="tests/JkMonitor.Backend.Tests/JkMonitor.Backend.Tests.csproj" />
  </Folder>
</Solution>
